
Microsoft Visual Studio Solution File, Format Version 12.00
# Visual Studio Version 17
VisualStudioVersion = 17.0.31903.59
MinimumVisualStudioVersion = 10.0.40219.1
Project("{2150E333-8FDC-42A3-9474-1A3956D46DE8}") = "src", "src", "{827E0CD3-B72D-47B6-A68D-7590B98EB39B}"
EndProject
Project("{FAE04EC0-301F-11D3-BF4B-00C04F79EFBC}") = "ElderCare.Domain", "src\ElderCare.Domain\ElderCare.Domain.csproj", "{5B2F43FE-6583-43F0-8994-151C6FEE4584}"
EndProject
Project("{FAE04EC0-301F-11D3-BF4B-00C04F79EFBC}") = "ElderCare.Application", "src\ElderCare.Application\ElderCare.Application.csproj", "{9C33B70D-122C-4536-8AEA-0AC111D088C0}"
EndProject
Project("{FAE04EC0-301F-11D3-BF4B-00C04F79EFBC}") = "ElderCare.Infrastructure", "src\ElderCare.Infrastructure\ElderCare.Infrastructure.csproj", "{2729D05D-586B-4971-9F5D-6356AB41F2C9}"
EndProject
Project("{FAE04EC0-301F-11D3-BF4B-00C04F79EFBC}") = "ElderCare.API", "src\ElderCare.API\ElderCare.API.csproj", "{14D5CD82-85AA-42C6-8709-E2D9C6513CE1}"
EndProject
Project("{FAE04EC0-301F-11D3-BF4B-00C04F79EFBC}") = "ElderCare.Shared", "src\ElderCare.Shared\ElderCare.Shared.csproj", "{8137E47D-D298-494B-8981-78686DF080D1}"
EndProject
Global
	GlobalSection(SolutionConfigurationPlatforms) = preSolution
		Debug|Any CPU = Debug|Any CPU
		Debug|x64 = Debug|x64
		Debug|x86 = Debug|x86
		Release|Any CPU = Release|Any CPU
		Release|x64 = Release|x64
		Release|x86 = Release|x86
	EndGlobalSection
	GlobalSection(ProjectConfigurationPlatforms) = postSolution
		{5B2F43FE-6583-43F0-8994-151C6FEE4584}.Debug|Any CPU.ActiveCfg = Debug|Any CPU
		{5B2F43FE-6583-43F0-8994-151C6FEE4584}.Debug|Any CPU.Build.0 = Debug|Any CPU
		{5B2F43FE-6583-43F0-8994-151C6FEE4584}.Debug|x64.ActiveCfg = Debug|Any CPU
		{5B2F43FE-6583-43F0-8994-151C6FEE4584}.Debug|x64.Build.0 = Debug|Any CPU
		{5B2F43FE-6583-43F0-8994-151C6FEE4584}.Debug|x86.ActiveCfg = Debug|Any CPU
		{5B2F43FE-6583-43F0-8994-151C6FEE4584}.Debug|x86.Build.0 = Debug|Any CPU
		{5B2F43FE-6583-43F0-8994-151C6FEE4584}.Release|Any CPU.ActiveCfg = Release|Any CPU
		{5B2F43FE-6583-43F0-8994-151C6FEE4584}.Release|Any CPU.Build.0 = Release|Any CPU
		{5B2F43FE-6583-43F0-8994-151C6FEE4584}.Release|x64.ActiveCfg = Release|Any CPU
		{5B2F43FE-6583-43F0-8994-151C6FEE4584}.Release|x64.Build.0 = Release|Any CPU
		{5B2F43FE-6583-43F0-8994-151C6FEE4584}.Release|x86.ActiveCfg = Release|Any CPU
		{5B2F43FE-6583-43F0-8994-151C6FEE4584}.Release|x86.Build.0 = Release|Any CPU
		{9C33B70D-122C-4536-8AEA-0AC111D088C0}.Debug|Any CPU.ActiveCfg = Debug|Any CPU
		{9C33B70D-122C-4536-8AEA-0AC111D088C0}.Debug|Any CPU.Build.0 = Debug|Any CPU
		{9C33B70D-122C-4536-8AEA-0AC111D088C0}.Debug|x64.ActiveCfg = Debug|Any CPU
		{9C33B70D-122C-4536-8AEA-0AC111D088C0}.Debug|x64.Build.0 = Debug|Any CPU
		{9C33B70D-122C-4536-8AEA-0AC111D088C0}.Debug|x86.ActiveCfg = Debug|Any CPU
		{9C33B70D-122C-4536-8AEA-0AC111D088C0}.Debug|x86.Build.0 = Debug|Any CPU
		{9C33B70D-122C-4536-8AEA-0AC111D088C0}.Release|Any CPU.ActiveCfg = Release|Any CPU
		{9C33B70D-122C-4536-8AEA-0AC111D088C0}.Release|Any CPU.Build.0 = Release|Any CPU
		{9C33B70D-122C-4536-8AEA-0AC111D088C0}.Release|x64.ActiveCfg = Release|Any CPU
		{9C33B70D-122C-4536-8AEA-0AC111D088C0}.Release|x64.Build.0 = Release|Any CPU
		{9C33B70D-122C-4536-8AEA-0AC111D088C0}.Release|x86.ActiveCfg = Release|Any CPU
		{9C33B70D-122C-4536-8AEA-0AC111D088C0}.Release|x86.Build.0 = Release|Any CPU
		{2729D05D-586B-4971-9F5D-6356AB41F2C9}.Debug|Any CPU.ActiveCfg = Debug|Any CPU
		{2729D05D-586B-4971-9F5D-6356AB41F2C9}.Debug|Any CPU.Build.0 = Debug|Any CPU
		{2729D05D-586B-4971-9F5D-6356AB41F2C9}.Debug|x64.ActiveCfg = Debug|Any CPU
		{2729D05D-586B-4971-9F5D-6356AB41F2C9}.Debug|x64.Build.0 = Debug|Any CPU
		{2729D05D-586B-4971-9F5D-6356AB41F2C9}.Debug|x86.ActiveCfg = Debug|Any CPU
		{2729D05D-586B-4971-9F5D-6356AB41F2C9}.Debug|x86.Build.0 = Debug|Any CPU
		{2729D05D-586B-4971-9F5D-6356AB41F2C9}.Release|Any CPU.ActiveCfg = Release|Any CPU
		{2729D05D-586B-4971-9F5D-6356AB41F2C9}.Release|Any CPU.Build.0 = Release|Any CPU
		{2729D05D-586B-4971-9F5D-6356AB41F2C9}.Release|x64.ActiveCfg = Release|Any CPU
		{2729D05D-586B-4971-9F5D-6356AB41F2C9}.Release|x64.Build.0 = Release|Any CPU
		{2729D05D-586B-4971-9F5D-6356AB41F2C9}.Release|x86.ActiveCfg = Release|Any CPU
		{2729D05D-586B-4971-9F5D-6356AB41F2C9}.Release|x86.Build.0 = Release|Any CPU
		{14D5CD82-85AA-42C6-8709-E2D9C6513CE1}.Debug|Any CPU.ActiveCfg = Debug|Any CPU
		{14D5CD82-85AA-42C6-8709-E2D9C6513CE1}.Debug|Any CPU.Build.0 = Debug|Any CPU
		{14D5CD82-85AA-42C6-8709-E2D9C6513CE1}.Debug|x64.ActiveCfg = Debug|Any CPU
		{14D5CD82-85AA-42C6-8709-E2D9C6513CE1}.Debug|x64.Build.0 = Debug|Any CPU
		{14D5CD82-85AA-42C6-8709-E2D9C6513CE1}.Debug|x86.ActiveCfg = Debug|Any CPU
		{14D5CD82-85AA-42C6-8709-E2D9C6513CE1}.Debug|x86.Build.0 = Debug|Any CPU
		{14D5CD82-85AA-42C6-8709-E2D9C6513CE1}.Release|Any CPU.ActiveCfg = Release|Any CPU
		{14D5CD82-85AA-42C6-8709-E2D9C6513CE1}.Release|Any CPU.Build.0 = Release|Any CPU
		{14D5CD82-85AA-42C6-8709-E2D9C6513CE1}.Release|x64.ActiveCfg = Release|Any CPU
		{14D5CD82-85AA-42C6-8709-E2D9C6513CE1}.Release|x64.Build.0 = Release|Any CPU
		{14D5CD82-85AA-42C6-8709-E2D9C6513CE1}.Release|x86.ActiveCfg = Release|Any CPU
		{14D5CD82-85AA-42C6-8709-E2D9C6513CE1}.Release|x86.Build.0 = Release|Any CPU
		{8137E47D-D298-494B-8981-78686DF080D1}.Debug|Any CPU.ActiveCfg = Debug|Any CPU
		{8137E47D-D298-494B-8981-78686DF080D1}.Debug|Any CPU.Build.0 = Debug|Any CPU
		{8137E47D-D298-494B-8981-78686DF080D1}.Debug|x64.ActiveCfg = Debug|Any CPU
		{8137E47D-D298-494B-8981-78686DF080D1}.Debug|x64.Build.0 = Debug|Any CPU
		{8137E47D-D298-494B-8981-78686DF080D1}.Debug|x86.ActiveCfg = Debug|Any CPU
		{8137E47D-D298-494B-8981-78686DF080D1}.Debug|x86.Build.0 = Debug|Any CPU
		{8137E47D-D298-494B-8981-78686DF080D1}.Release|Any CPU.ActiveCfg = Release|Any CPU
		{8137E47D-D298-494B-8981-78686DF080D1}.Release|Any CPU.Build.0 = Release|Any CPU
		{8137E47D-D298-494B-8981-78686DF080D1}.Release|x64.ActiveCfg = Release|Any CPU
		{8137E47D-D298-494B-8981-78686DF080D1}.Release|x64.Build.0 = Release|Any CPU
		{8137E47D-D298-494B-8981-78686DF080D1}.Release|x86.ActiveCfg = Release|Any CPU
		{8137E47D-D298-494B-8981-78686DF080D1}.Release|x86.Build.0 = Release|Any CPU
	EndGlobalSection
	GlobalSection(SolutionProperties) = preSolution
		HideSolutionNode = FALSE
	EndGlobalSection
	GlobalSection(NestedProjects) = preSolution
		{5B2F43FE-6583-43F0-8994-151C6FEE4584} = {827E0CD3-B72D-47B6-A68D-7590B98EB39B}
		{9C33B70D-122C-4536-8AEA-0AC111D088C0} = {827E0CD3-B72D-47B6-A68D-7590B98EB39B}
		{2729D05D-586B-4971-9F5D-6356AB41F2C9} = {827E0CD3-B72D-47B6-A68D-7590B98EB39B}
		{14D5CD82-85AA-42C6-8709-E2D9C6513CE1} = {827E0CD3-B72D-47B6-A68D-7590B98EB39B}
		{8137E47D-D298-494B-8981-78686DF080D1} = {827E0CD3-B72D-47B6-A68D-7590B98EB39B}
	EndGlobalSection
EndGlobal
